// !$*UTF8*$!
{
	archiveVersion = 1;
	classes = {
	};
	objectVersion = 56;
	objects = {

/* Begin PBXBuildFile section */
		412430E72B855FC100D5FE9B /* BootcampApp.swift in Sources */ = {isa = PBXBuildFile; fileRef = 412430E62B855FC100D5FE9B /* BootcampApp.swift */; };
		412430EB2B855FC200D5FE9B /* Assets.xcassets in Resources */ = {isa = PBXBuildFile; fileRef = 412430EA2B855FC200D5FE9B /* Assets.xcassets */; };
		412430EE2B855FC200D5FE9B /* Preview Assets.xcassets in Resources */ = {isa = PBXBuildFile; fileRef = 412430ED2B855FC200D5FE9B /* Preview Assets.xcassets */; };
		4137AB832B867C9C003B8324 /* Shapes.swift in Sources */ = {isa = PBXBuildFile; fileRef = 4137AB822B867C9C003B8324 /* Shapes.swift */; };
		4137AB852B8698A5003B8324 /* Colors.swift in Sources */ = {isa = PBXBuildFile; fileRef = 4137AB842B8698A5003B8324 /* Colors.swift */; };
		4137AB872B86AEB5003B8324 /* Gradients.swift in Sources */ = {isa = PBXBuildFile; fileRef = 4137AB862B86AEB5003B8324 /* Gradients.swift */; };
		4137AB892B86B4A8003B8324 /* Icons.swift in Sources */ = {isa = PBXBuildFile; fileRef = 4137AB882B86B4A8003B8324 /* Icons.swift */; };
		414BF1312B8956CE00F3473C /* HVZStacks.swift in Sources */ = {isa = PBXBuildFile; fileRef = 414BF1302B8956CE00F3473C /* HVZStacks.swift */; };
		4174E2902B8E7A3F00A53ECB /* ForEachs.swift in Sources */ = {isa = PBXBuildFile; fileRef = 4174E28F2B8E7A3F00A53ECB /* ForEachs.swift */; };
		4174E2922B8E8A2300A53ECB /* ScrollViews.swift in Sources */ = {isa = PBXBuildFile; fileRef = 4174E2912B8E8A2300A53ECB /* ScrollViews.swift */; };
		4174E2952B8FE25900A53ECB /* Grids.swift in Sources */ = {isa = PBXBuildFile; fileRef = 4174E2942B8FE25900A53ECB /* Grids.swift */; };
		4174E2972B90D8CF00A53ECB /* IgnoresSafeAreas.swift in Sources */ = {isa = PBXBuildFile; fileRef = 4174E2962B90D8CF00A53ECB /* IgnoresSafeAreas.swift */; };
		4174E2992B90E19700A53ECB /* Buttons.swift in Sources */ = {isa = PBXBuildFile; fileRef = 4174E2982B90E19700A53ECB /* Buttons.swift */; };
		4174E29D2B933BD100A53ECB /* Extracts.swift in Sources */ = {isa = PBXBuildFile; fileRef = 4174E29C2B933BD100A53ECB /* Extracts.swift */; };
		4174E29F2B938F7B00A53ECB /* GameOne.swift in Sources */ = {isa = PBXBuildFile; fileRef = 4174E29E2B938F7B00A53ECB /* GameOne.swift */; };
		4174E2A32B97D1A600A53ECB /* ProgressViews.swift in Sources */ = {isa = PBXBuildFile; fileRef = 4174E2A22B97D1A600A53ECB /* ProgressViews.swift */; };
		4174E2A52B97D4EA00A53ECB /* TernaryOperators.swift in Sources */ = {isa = PBXBuildFile; fileRef = 4174E2A42B97D4EA00A53ECB /* TernaryOperators.swift */; };
		4174E2A72B97D9F000A53ECB /* Animations.swift in Sources */ = {isa = PBXBuildFile; fileRef = 4174E2A62B97D9F000A53ECB /* Animations.swift */; };
		4174E2A92B9921C100A53ECB /* AnimationCurves.swift in Sources */ = {isa = PBXBuildFile; fileRef = 4174E2A82B9921C100A53ECB /* AnimationCurves.swift */; };
		4174E2AB2B99E0A900A53ECB /* Transitions.swift in Sources */ = {isa = PBXBuildFile; fileRef = 4174E2AA2B99E0A900A53ECB /* Transitions.swift */; };
		4174E2AD2B9B7A9600A53ECB /* Navigations.swift in Sources */ = {isa = PBXBuildFile; fileRef = 4174E2AC2B9B7A9600A53ECB /* Navigations.swift */; };
		4183C7A42BAA410C0002F8C2 /* ObservableObjects.swift in Sources */ = {isa = PBXBuildFile; fileRef = 4183C7A32BAA410C0002F8C2 /* ObservableObjects.swift */; };
		4183C7A62BAB67E80002F8C2 /* EnvironmentObjects.swift in Sources */ = {isa = PBXBuildFile; fileRef = 4183C7A52BAB67E80002F8C2 /* EnvironmentObjects.swift */; };
		419459AC2B9C702A0040F316 /* Lists.swift in Sources */ = {isa = PBXBuildFile; fileRef = 419459AB2B9C702A0040F316 /* Lists.swift */; };
		419459AE2B9C9A300040F316 /* Alerts.swift in Sources */ = {isa = PBXBuildFile; fileRef = 419459AD2B9C9A300040F316 /* Alerts.swift */; };
		419459B22B9CD62C0040F316 /* ConfirmationDialogs.swift in Sources */ = {isa = PBXBuildFile; fileRef = 419459B12B9CD62C0040F316 /* ConfirmationDialogs.swift */; };
		419523E32BB09EA900B08BCA /* NavigationStacks.swift in Sources */ = {isa = PBXBuildFile; fileRef = 419523E22BB09EA900B08BCA /* NavigationStacks.swift */; };
		419523E52BB0C75900B08BCA /* ToolBars.swift in Sources */ = {isa = PBXBuildFile; fileRef = 419523E42BB0C75900B08BCA /* ToolBars.swift */; };
		419523E72BB1B49E00B08BCA /* ResizableSheets.swift in Sources */ = {isa = PBXBuildFile; fileRef = 419523E62BB1B49E00B08BCA /* ResizableSheets.swift */; };
		419B5B242B87E1DD00E59078 /* Images.swift in Sources */ = {isa = PBXBuildFile; fileRef = 419B5B232B87E1DD00E59078 /* Images.swift */; };
		419B5B262B87EBFE00E59078 /* Frames.swift in Sources */ = {isa = PBXBuildFile; fileRef = 419B5B252B87EBFE00E59078 /* Frames.swift */; };
		419B5B282B89212E00E59078 /* Backgrounds&Overlays.swift in Sources */ = {isa = PBXBuildFile; fileRef = 419B5B272B89212E00E59078 /* Backgrounds&Overlays.swift */; };
		41B2C8952B8BBD93006DF12F /* Paddings.swift in Sources */ = {isa = PBXBuildFile; fileRef = 41B2C8942B8BBD93006DF12F /* Paddings.swift */; };
		41B2C8972B8BC07D006DF12F /* Spacers.swift in Sources */ = {isa = PBXBuildFile; fileRef = 41B2C8962B8BC07D006DF12F /* Spacers.swift */; };
		41B60FAC2BAB773900535749 /* AppStorages.swift in Sources */ = {isa = PBXBuildFile; fileRef = 41B60FAB2BAB773900535749 /* AppStorages.swift */; };
		41B60FAF2BACB35C00535749 /* IntroView.swift in Sources */ = {isa = PBXBuildFile; fileRef = 41B60FAE2BACB35C00535749 /* IntroView.swift */; };
		41B60FB12BACBADC00535749 /* OnboardingView.swift in Sources */ = {isa = PBXBuildFile; fileRef = 41B60FB02BACBADC00535749 /* OnboardingView.swift */; };
		41B60FB32BAF384D00535749 /* ProfileView.swift in Sources */ = {isa = PBXBuildFile; fileRef = 41B60FB22BAF384D00535749 /* ProfileView.swift */; };
		41B60FB52BAF4F4900535749 /* AsyncImages.swift in Sources */ = {isa = PBXBuildFile; fileRef = 41B60FB42BAF4F4900535749 /* AsyncImages.swift */; };
		41B60FB72BAF8E2D00535749 /* TextSelections.swift in Sources */ = {isa = PBXBuildFile; fileRef = 41B60FB62BAF8E2D00535749 /* TextSelections.swift */; };
		41B60FB92BAF91DB00535749 /* ButtonModifiers.swift in Sources */ = {isa = PBXBuildFile; fileRef = 41B60FB82BAF91DB00535749 /* ButtonModifiers.swift */; };
		41B60FBB2BAF96FB00535749 /* ListSwipeActions.swift in Sources */ = {isa = PBXBuildFile; fileRef = 41B60FBA2BAF96FB00535749 /* ListSwipeActions.swift */; };
		41B60FBD2BB03EC900535749 /* Badges.swift in Sources */ = {isa = PBXBuildFile; fileRef = 41B60FBC2BB03EC900535749 /* Badges.swift */; };
		41B60FBF2BB0756800535749 /* SubmitLabels.swift in Sources */ = {isa = PBXBuildFile; fileRef = 41B60FBE2BB0756800535749 /* SubmitLabels.swift */; };
		41B60FC12BB0793100535749 /* FocusStates.swift in Sources */ = {isa = PBXBuildFile; fileRef = 41B60FC02BB0793100535749 /* FocusStates.swift */; };
		41E0429C2B9E0CD700BCC768 /* ContextMenus.swift in Sources */ = {isa = PBXBuildFile; fileRef = 41E0429B2B9E0CD700BCC768 /* ContextMenus.swift */; };
		41E0429E2B9E2F5400BCC768 /* TextFields.swift in Sources */ = {isa = PBXBuildFile; fileRef = 41E0429D2B9E2F5400BCC768 /* TextFields.swift */; };
		41E042A02B9E3BB600BCC768 /* TextEditors.swift in Sources */ = {isa = PBXBuildFile; fileRef = 41E0429F2B9E3BB600BCC768 /* TextEditors.swift */; };
		41E042A42B9E415300BCC768 /* Toggles.swift in Sources */ = {isa = PBXBuildFile; fileRef = 41E042A32B9E415300BCC768 /* Toggles.swift */; };
		41E042A62B9F891400BCC768 /* Pickers.swift in Sources */ = {isa = PBXBuildFile; fileRef = 41E042A52B9F891400BCC768 /* Pickers.swift */; };
		41F1ACA22BA0D1D600C58CAE /* DatePickers.swift in Sources */ = {isa = PBXBuildFile; fileRef = 41F1ACA12BA0D1D600C58CAE /* DatePickers.swift */; };
		41F1ACA42BA0D67F00C58CAE /* Steppers.swift in Sources */ = {isa = PBXBuildFile; fileRef = 41F1ACA32BA0D67F00C58CAE /* Steppers.swift */; };
		41F1ACA62BA0D9F000C58CAE /* Sliders.swift in Sources */ = {isa = PBXBuildFile; fileRef = 41F1ACA52BA0D9F000C58CAE /* Sliders.swift */; };
		41F1ACA82BA0E34400C58CAE /* TabViews.swift in Sources */ = {isa = PBXBuildFile; fileRef = 41F1ACA72BA0E34400C58CAE /* TabViews.swift */; };
		41F1ACAA2BA23C9D00C58CAE /* TimeApp.swift in Sources */ = {isa = PBXBuildFile; fileRef = 41F1ACA92BA23C9D00C58CAE /* TimeApp.swift */; };
		41F1ACAC2BA3B58C00C58CAE /* TapGestures.swift in Sources */ = {isa = PBXBuildFile; fileRef = 41F1ACAB2BA3B58C00C58CAE /* TapGestures.swift */; };
		41F1ACAE2BA3B82900C58CAE /* OnAppears.swift in Sources */ = {isa = PBXBuildFile; fileRef = 41F1ACAD2BA3B82900C58CAE /* OnAppears.swift */; };
		41F1ACB02BA3BAA000C58CAE /* IfLetGuardLet.swift in Sources */ = {isa = PBXBuildFile; fileRef = 41F1ACAF2BA3BAA000C58CAE /* IfLetGuardLet.swift */; };
		41F1ACB22BA4E1B400C58CAE /* Models.swift in Sources */ = {isa = PBXBuildFile; fileRef = 41F1ACB12BA4E1B400C58CAE /* Models.swift */; };
		41F791072B9F9DAF0074E648 /* ColorPickers.swift in Sources */ = {isa = PBXBuildFile; fileRef = 41F791062B9F9DAF0074E648 /* ColorPickers.swift */; };
/* End PBXBuildFile section */

/* Begin PBXFileReference section */
		412430E32B855FC100D5FE9B /* Bootcamp.app */ = {isa = PBXFileReference; explicitFileType = wrapper.application; includeInIndex = 0; path = Bootcamp.app; sourceTree = BUILT_PRODUCTS_DIR; };
		412430E62B855FC100D5FE9B /* BootcampApp.swift */ = {isa = PBXFileReference; lastKnownFileType = sourcecode.swift; path = BootcampApp.swift; sourceTree = "<group>"; };
		412430EA2B855FC200D5FE9B /* Assets.xcassets */ = {isa = PBXFileReference; lastKnownFileType = folder.assetcatalog; path = Assets.xcassets; sourceTree = "<group>"; };
		412430ED2B855FC200D5FE9B /* Preview Assets.xcassets */ = {isa = PBXFileReference; lastKnownFileType = folder.assetcatalog; path = "Preview Assets.xcassets"; sourceTree = "<group>"; };
		4137AB822B867C9C003B8324 /* Shapes.swift */ = {isa = PBXFileReference; lastKnownFileType = sourcecode.swift; path = Shapes.swift; sourceTree = "<group>"; };
		4137AB842B8698A5003B8324 /* Colors.swift */ = {isa = PBXFileReference; lastKnownFileType = sourcecode.swift; path = Colors.swift; sourceTree = "<group>"; };
		4137AB862B86AEB5003B8324 /* Gradients.swift */ = {isa = PBXFileReference; lastKnownFileType = sourcecode.swift; path = Gradients.swift; sourceTree = "<group>"; };
		4137AB882B86B4A8003B8324 /* Icons.swift */ = {isa = PBXFileReference; lastKnownFileType = sourcecode.swift; path = Icons.swift; sourceTree = "<group>"; };
		414BF1302B8956CE00F3473C /* HVZStacks.swift */ = {isa = PBXFileReference; lastKnownFileType = sourcecode.swift; path = HVZStacks.swift; sourceTree = "<group>"; };
		4174E28F2B8E7A3F00A53ECB /* ForEachs.swift */ = {isa = PBXFileReference; lastKnownFileType = sourcecode.swift; path = ForEachs.swift; sourceTree = "<group>"; };
		4174E2912B8E8A2300A53ECB /* ScrollViews.swift */ = {isa = PBXFileReference; lastKnownFileType = sourcecode.swift; path = ScrollViews.swift; sourceTree = "<group>"; };
		4174E2942B8FE25900A53ECB /* Grids.swift */ = {isa = PBXFileReference; lastKnownFileType = sourcecode.swift; path = Grids.swift; sourceTree = "<group>"; };
		4174E2962B90D8CF00A53ECB /* IgnoresSafeAreas.swift */ = {isa = PBXFileReference; lastKnownFileType = sourcecode.swift; path = IgnoresSafeAreas.swift; sourceTree = "<group>"; };
		4174E2982B90E19700A53ECB /* Buttons.swift */ = {isa = PBXFileReference; lastKnownFileType = sourcecode.swift; path = Buttons.swift; sourceTree = "<group>"; };
		4174E29C2B933BD100A53ECB /* Extracts.swift */ = {isa = PBXFileReference; lastKnownFileType = sourcecode.swift; path = Extracts.swift; sourceTree = "<group>"; };
		4174E29E2B938F7B00A53ECB /* GameOne.swift */ = {isa = PBXFileReference; lastKnownFileType = sourcecode.swift; path = GameOne.swift; sourceTree = "<group>"; };
		4174E2A22B97D1A600A53ECB /* ProgressViews.swift */ = {isa = PBXFileReference; lastKnownFileType = sourcecode.swift; path = ProgressViews.swift; sourceTree = "<group>"; };
		4174E2A42B97D4EA00A53ECB /* TernaryOperators.swift */ = {isa = PBXFileReference; lastKnownFileType = sourcecode.swift; path = TernaryOperators.swift; sourceTree = "<group>"; };
		4174E2A62B97D9F000A53ECB /* Animations.swift */ = {isa = PBXFileReference; lastKnownFileType = sourcecode.swift; path = Animations.swift; sourceTree = "<group>"; };
		4174E2A82B9921C100A53ECB /* AnimationCurves.swift */ = {isa = PBXFileReference; lastKnownFileType = sourcecode.swift; path = AnimationCurves.swift; sourceTree = "<group>"; };
		4174E2AA2B99E0A900A53ECB /* Transitions.swift */ = {isa = PBXFileReference; lastKnownFileType = sourcecode.swift; path = Transitions.swift; sourceTree = "<group>"; };
		4174E2AC2B9B7A9600A53ECB /* Navigations.swift */ = {isa = PBXFileReference; lastKnownFileType = sourcecode.swift; path = Navigations.swift; sourceTree = "<group>"; };
		4183C7A32BAA410C0002F8C2 /* ObservableObjects.swift */ = {isa = PBXFileReference; lastKnownFileType = sourcecode.swift; path = ObservableObjects.swift; sourceTree = "<group>"; };
		4183C7A52BAB67E80002F8C2 /* EnvironmentObjects.swift */ = {isa = PBXFileReference; lastKnownFileType = sourcecode.swift; path = EnvironmentObjects.swift; sourceTree = "<group>"; };
		419459AB2B9C702A0040F316 /* Lists.swift */ = {isa = PBXFileReference; lastKnownFileType = sourcecode.swift; path = Lists.swift; sourceTree = "<group>"; };
		419459AD2B9C9A300040F316 /* Alerts.swift */ = {isa = PBXFileReference; lastKnownFileType = sourcecode.swift; path = Alerts.swift; sourceTree = "<group>"; };
		419459B12B9CD62C0040F316 /* ConfirmationDialogs.swift */ = {isa = PBXFileReference; lastKnownFileType = sourcecode.swift; path = ConfirmationDialogs.swift; sourceTree = "<group>"; };
		419523E22BB09EA900B08BCA /* NavigationStacks.swift */ = {isa = PBXFileReference; lastKnownFileType = sourcecode.swift; path = NavigationStacks.swift; sourceTree = "<group>"; };
		419523E42BB0C75900B08BCA /* ToolBars.swift */ = {isa = PBXFileReference; lastKnownFileType = sourcecode.swift; path = ToolBars.swift; sourceTree = "<group>"; };
		419523E62BB1B49E00B08BCA /* ResizableSheets.swift */ = {isa = PBXFileReference; lastKnownFileType = sourcecode.swift; path = ResizableSheets.swift; sourceTree = "<group>"; };
		419B5B232B87E1DD00E59078 /* Images.swift */ = {isa = PBXFileReference; lastKnownFileType = sourcecode.swift; path = Images.swift; sourceTree = "<group>"; };
		419B5B252B87EBFE00E59078 /* Frames.swift */ = {isa = PBXFileReference; lastKnownFileType = sourcecode.swift; path = Frames.swift; sourceTree = "<group>"; };
		419B5B272B89212E00E59078 /* Backgrounds&Overlays.swift */ = {isa = PBXFileReference; lastKnownFileType = sourcecode.swift; path = "Backgrounds&Overlays.swift"; sourceTree = "<group>"; };
		41B2C8942B8BBD93006DF12F /* Paddings.swift */ = {isa = PBXFileReference; lastKnownFileType = sourcecode.swift; path = Paddings.swift; sourceTree = "<group>"; };
		41B2C8962B8BC07D006DF12F /* Spacers.swift */ = {isa = PBXFileReference; lastKnownFileType = sourcecode.swift; path = Spacers.swift; sourceTree = "<group>"; };
		41B60FAB2BAB773900535749 /* AppStorages.swift */ = {isa = PBXFileReference; lastKnownFileType = sourcecode.swift; path = AppStorages.swift; sourceTree = "<group>"; };
		41B60FAE2BACB35C00535749 /* IntroView.swift */ = {isa = PBXFileReference; lastKnownFileType = sourcecode.swift; path = IntroView.swift; sourceTree = "<group>"; };
		41B60FB02BACBADC00535749 /* OnboardingView.swift */ = {isa = PBXFileReference; lastKnownFileType = sourcecode.swift; path = OnboardingView.swift; sourceTree = "<group>"; };
		41B60FB22BAF384D00535749 /* ProfileView.swift */ = {isa = PBXFileReference; lastKnownFileType = sourcecode.swift; path = ProfileView.swift; sourceTree = "<group>"; };
		41B60FB42BAF4F4900535749 /* AsyncImages.swift */ = {isa = PBXFileReference; lastKnownFileType = sourcecode.swift; path = AsyncImages.swift; sourceTree = "<group>"; };
		41B60FB62BAF8E2D00535749 /* TextSelections.swift */ = {isa = PBXFileReference; lastKnownFileType = sourcecode.swift; path = TextSelections.swift; sourceTree = "<group>"; };
		41B60FB82BAF91DB00535749 /* ButtonModifiers.swift */ = {isa = PBXFileReference; lastKnownFileType = sourcecode.swift; path = ButtonModifiers.swift; sourceTree = "<group>"; };
		41B60FBA2BAF96FB00535749 /* ListSwipeActions.swift */ = {isa = PBXFileReference; lastKnownFileType = sourcecode.swift; path = ListSwipeActions.swift; sourceTree = "<group>"; };
		41B60FBC2BB03EC900535749 /* Badges.swift */ = {isa = PBXFileReference; lastKnownFileType = sourcecode.swift; path = Badges.swift; sourceTree = "<group>"; };
		41B60FBE2BB0756800535749 /* SubmitLabels.swift */ = {isa = PBXFileReference; lastKnownFileType = sourcecode.swift; path = SubmitLabels.swift; sourceTree = "<group>"; };
		41B60FC02BB0793100535749 /* FocusStates.swift */ = {isa = PBXFileReference; lastKnownFileType = sourcecode.swift; path = FocusStates.swift; sourceTree = "<group>"; };
		41E0429B2B9E0CD700BCC768 /* ContextMenus.swift */ = {isa = PBXFileReference; lastKnownFileType = sourcecode.swift; path = ContextMenus.swift; sourceTree = "<group>"; };
		41E0429D2B9E2F5400BCC768 /* TextFields.swift */ = {isa = PBXFileReference; lastKnownFileType = sourcecode.swift; path = TextFields.swift; sourceTree = "<group>"; };
		41E0429F2B9E3BB600BCC768 /* TextEditors.swift */ = {isa = PBXFileReference; lastKnownFileType = sourcecode.swift; path = TextEditors.swift; sourceTree = "<group>"; };
		41E042A32B9E415300BCC768 /* Toggles.swift */ = {isa = PBXFileReference; lastKnownFileType = sourcecode.swift; path = Toggles.swift; sourceTree = "<group>"; };
		41E042A52B9F891400BCC768 /* Pickers.swift */ = {isa = PBXFileReference; lastKnownFileType = sourcecode.swift; path = Pickers.swift; sourceTree = "<group>"; };
		41F1ACA12BA0D1D600C58CAE /* DatePickers.swift */ = {isa = PBXFileReference; lastKnownFileType = sourcecode.swift; path = DatePickers.swift; sourceTree = "<group>"; };
		41F1ACA32BA0D67F00C58CAE /* Steppers.swift */ = {isa = PBXFileReference; lastKnownFileType = sourcecode.swift; path = Steppers.swift; sourceTree = "<group>"; };
		41F1ACA52BA0D9F000C58CAE /* Sliders.swift */ = {isa = PBXFileReference; lastKnownFileType = sourcecode.swift; path = Sliders.swift; sourceTree = "<group>"; };
		41F1ACA72BA0E34400C58CAE /* TabViews.swift */ = {isa = PBXFileReference; lastKnownFileType = sourcecode.swift; path = TabViews.swift; sourceTree = "<group>"; };
		41F1ACA92BA23C9D00C58CAE /* TimeApp.swift */ = {isa = PBXFileReference; lastKnownFileType = sourcecode.swift; path = TimeApp.swift; sourceTree = "<group>"; };
		41F1ACAB2BA3B58C00C58CAE /* TapGestures.swift */ = {isa = PBXFileReference; lastKnownFileType = sourcecode.swift; path = TapGestures.swift; sourceTree = "<group>"; };
		41F1ACAD2BA3B82900C58CAE /* OnAppears.swift */ = {isa = PBXFileReference; lastKnownFileType = sourcecode.swift; path = OnAppears.swift; sourceTree = "<group>"; };
		41F1ACAF2BA3BAA000C58CAE /* IfLetGuardLet.swift */ = {isa = PBXFileReference; lastKnownFileType = sourcecode.swift; path = IfLetGuardLet.swift; sourceTree = "<group>"; };
		41F1ACB12BA4E1B400C58CAE /* Models.swift */ = {isa = PBXFileReference; lastKnownFileType = sourcecode.swift; path = Models.swift; sourceTree = "<group>"; };
		41F791062B9F9DAF0074E648 /* ColorPickers.swift */ = {isa = PBXFileReference; lastKnownFileType = sourcecode.swift; path = ColorPickers.swift; sourceTree = "<group>"; };
/* End PBXFileReference section */

/* Begin PBXFrameworksBuildPhase section */
		412430E02B855FC100D5FE9B /* Frameworks */ = {
			isa = PBXFrameworksBuildPhase;
			buildActionMask = 2147483647;
			files = (
			);
			runOnlyForDeploymentPostprocessing = 0;
		};
/* End PBXFrameworksBuildPhase section */

/* Begin PBXGroup section */
		412430DA2B855FC100D5FE9B = {
			isa = PBXGroup;
			children = (
				412430E62B855FC100D5FE9B /* BootcampApp.swift */,
				412430E52B855FC100D5FE9B /* Bootcamp */,
				412430E42B855FC100D5FE9B /* Products */,
			);
			sourceTree = "<group>";
		};
		412430E42B855FC100D5FE9B /* Products */ = {
			isa = PBXGroup;
			children = (
				412430E32B855FC100D5FE9B /* Bootcamp.app */,
			);
			name = Products;
			sourceTree = "<group>";
		};
		412430E52B855FC100D5FE9B /* Bootcamp */ = {
			isa = PBXGroup;
			children = (
				41E0429F2B9E3BB600BCC768 /* TextEditors.swift */,
				41E0429D2B9E2F5400BCC768 /* TextFields.swift */,
				41F791062B9F9DAF0074E648 /* ColorPickers.swift */,
				4137AB822B867C9C003B8324 /* Shapes.swift */,
				4137AB882B86B4A8003B8324 /* Icons.swift */,
				4174E2912B8E8A2300A53ECB /* ScrollViews.swift */,
				4137AB842B8698A5003B8324 /* Colors.swift */,
				41F1ACA72BA0E34400C58CAE /* TabViews.swift */,
				41F1ACA32BA0D67F00C58CAE /* Steppers.swift */,
				41F1ACA52BA0D9F000C58CAE /* Sliders.swift */,
				41F1ACA12BA0D1D600C58CAE /* DatePickers.swift */,
				4174E2962B90D8CF00A53ECB /* IgnoresSafeAreas.swift */,
				41E042A52B9F891400BCC768 /* Pickers.swift */,
				41E042A32B9E415300BCC768 /* Toggles.swift */,
				41F1ACA92BA23C9D00C58CAE /* TimeApp.swift */,
				41F1ACAD2BA3B82900C58CAE /* OnAppears.swift */,
				41F1ACAB2BA3B58C00C58CAE /* TapGestures.swift */,
				41F1ACAF2BA3BAA000C58CAE /* IfLetGuardLet.swift */,
				41F1ACB12BA4E1B400C58CAE /* Models.swift */,
				4174E2A62B97D9F000A53ECB /* Animations.swift */,
				419459AD2B9C9A300040F316 /* Alerts.swift */,
				4174E29C2B933BD100A53ECB /* Extracts.swift */,
				4174E2A42B97D4EA00A53ECB /* TernaryOperators.swift */,
				4174E2AC2B9B7A9600A53ECB /* Navigations.swift */,
				41E0429B2B9E0CD700BCC768 /* ContextMenus.swift */,
				419459B12B9CD62C0040F316 /* ConfirmationDialogs.swift */,
				4174E2AA2B99E0A900A53ECB /* Transitions.swift */,
				4174E29E2B938F7B00A53ECB /* GameOne.swift */,
				4174E2982B90E19700A53ECB /* Buttons.swift */,
				4174E2A82B9921C100A53ECB /* AnimationCurves.swift */,
				4174E2A22B97D1A600A53ECB /* ProgressViews.swift */,
				41B2C8942B8BBD93006DF12F /* Paddings.swift */,
				419B5B252B87EBFE00E59078 /* Frames.swift */,
				419459AB2B9C702A0040F316 /* Lists.swift */,
				419B5B232B87E1DD00E59078 /* Images.swift */,
				4174E28F2B8E7A3F00A53ECB /* ForEachs.swift */,
				4183C7A32BAA410C0002F8C2 /* ObservableObjects.swift */,
				4183C7A52BAB67E80002F8C2 /* EnvironmentObjects.swift */,
				41B60FAB2BAB773900535749 /* AppStorages.swift */,
				41B60FAD2BACB33500535749 /* OnboardingViews */,
				4174E2942B8FE25900A53ECB /* Grids.swift */,
				41B2C8962B8BC07D006DF12F /* Spacers.swift */,
				414BF1302B8956CE00F3473C /* HVZStacks.swift */,
				419B5B272B89212E00E59078 /* Backgrounds&Overlays.swift */,
				4137AB862B86AEB5003B8324 /* Gradients.swift */,
				41B60FB42BAF4F4900535749 /* AsyncImages.swift */,
				41B60FB62BAF8E2D00535749 /* TextSelections.swift */,
				41B60FB82BAF91DB00535749 /* ButtonModifiers.swift */,
				41B60FBA2BAF96FB00535749 /* ListSwipeActions.swift */,
				41B60FBC2BB03EC900535749 /* Badges.swift */,
				41B60FC02BB0793100535749 /* FocusStates.swift */,
				41B60FBE2BB0756800535749 /* SubmitLabels.swift */,
				419523E22BB09EA900B08BCA /* NavigationStacks.swift */,
				419523E42BB0C75900B08BCA /* ToolBars.swift */,
				419523E62BB1B49E00B08BCA /* ResizableSheets.swift */,
				412430EA2B855FC200D5FE9B /* Assets.xcassets */,
				412430EC2B855FC200D5FE9B /* Preview Content */,
			);
			path = Bootcamp;
			sourceTree = "<group>";
		};
		412430EC2B855FC200D5FE9B /* Preview Content */ = {
			isa = PBXGroup;
			children = (
				412430ED2B855FC200D5FE9B /* Preview Assets.xcassets */,
			);
			path = "Preview Content";
			sourceTree = "<group>";
		};
		41B60FAD2BACB33500535749 /* OnboardingViews */ = {
			isa = PBXGroup;
			children = (
				41B60FAE2BACB35C00535749 /* IntroView.swift */,
				41B60FB02BACBADC00535749 /* OnboardingView.swift */,
				41B60FB22BAF384D00535749 /* ProfileView.swift */,
			);
			path = OnboardingViews;
			sourceTree = "<group>";
		};
/* End PBXGroup section */

/* Begin PBXNativeTarget section */
		412430E22B855FC100D5FE9B /* Bootcamp */ = {
			isa = PBXNativeTarget;
			buildConfigurationList = 412430F12B855FC200D5FE9B /* Build configuration list for PBXNativeTarget "Bootcamp" */;
			buildPhases = (
				412430DF2B855FC100D5FE9B /* Sources */,
				412430E02B855FC100D5FE9B /* Frameworks */,
				412430E12B855FC100D5FE9B /* Resources */,
			);
			buildRules = (
			);
			dependencies = (
			);
			name = Bootcamp;
			productName = Bootcamp;
			productReference = 412430E32B855FC100D5FE9B /* Bootcamp.app */;
			productType = "com.apple.product-type.application";
		};
/* End PBXNativeTarget section */

/* Begin PBXProject section */
		412430DB2B855FC100D5FE9B /* Project object */ = {
			isa = PBXProject;
			attributes = {
				BuildIndependentTargetsInParallel = 1;
				LastSwiftUpdateCheck = 1520;
				LastUpgradeCheck = 1520;
				TargetAttributes = {
					412430E22B855FC100D5FE9B = {
						CreatedOnToolsVersion = 15.2;
					};
				};
			};
			buildConfigurationList = 412430DE2B855FC100D5FE9B /* Build configuration list for PBXProject "Bootcamp" */;
			compatibilityVersion = "Xcode 14.0";
			developmentRegion = en;
			hasScannedForEncodings = 0;
			knownRegions = (
				en,
				Base,
			);
			mainGroup = 412430DA2B855FC100D5FE9B;
			productRefGroup = 412430E42B855FC100D5FE9B /* Products */;
			projectDirPath = "";
			projectRoot = "";
			targets = (
				412430E22B855FC100D5FE9B /* Bootcamp */,
			);
		};
/* End PBXProject section */

/* Begin PBXResourcesBuildPhase section */
		412430E12B855FC100D5FE9B /* Resources */ = {
			isa = PBXResourcesBuildPhase;
			buildActionMask = 2147483647;
			files = (
				412430EE2B855FC200D5FE9B /* Preview Assets.xcassets in Resources */,
				412430EB2B855FC200D5FE9B /* Assets.xcassets in Resources */,
			);
			runOnlyForDeploymentPostprocessing = 0;
		};
/* End PBXResourcesBuildPhase section */

/* Begin PBXSourcesBuildPhase section */
		412430DF2B855FC100D5FE9B /* Sources */ = {
			isa = PBXSourcesBuildPhase;
			buildActionMask = 2147483647;
			files = (
				419B5B242B87E1DD00E59078 /* Images.swift in Sources */,
				41B60FAC2BAB773900535749 /* AppStorages.swift in Sources */,
				4174E2A32B97D1A600A53ECB /* ProgressViews.swift in Sources */,
				419523E52BB0C75900B08BCA /* ToolBars.swift in Sources */,
				41B60FB72BAF8E2D00535749 /* TextSelections.swift in Sources */,
				41B2C8972B8BC07D006DF12F /* Spacers.swift in Sources */,
				41F1ACAE2BA3B82900C58CAE /* OnAppears.swift in Sources */,
				41F1ACAC2BA3B58C00C58CAE /* TapGestures.swift in Sources */,
				4174E29F2B938F7B00A53ECB /* GameOne.swift in Sources */,
				41E0429E2B9E2F5400BCC768 /* TextFields.swift in Sources */,
				41E0429C2B9E0CD700BCC768 /* ContextMenus.swift in Sources */,
				419459AC2B9C702A0040F316 /* Lists.swift in Sources */,
				41B60FBF2BB0756800535749 /* SubmitLabels.swift in Sources */,
				41F1ACA82BA0E34400C58CAE /* TabViews.swift in Sources */,
				4137AB872B86AEB5003B8324 /* Gradients.swift in Sources */,
				4137AB892B86B4A8003B8324 /* Icons.swift in Sources */,
				4137AB852B8698A5003B8324 /* Colors.swift in Sources */,
				41F1ACA62BA0D9F000C58CAE /* Sliders.swift in Sources */,
				41F1ACB02BA3BAA000C58CAE /* IfLetGuardLet.swift in Sources */,
				41F1ACA42BA0D67F00C58CAE /* Steppers.swift in Sources */,
				4174E2A92B9921C100A53ECB /* AnimationCurves.swift in Sources */,
				4174E2992B90E19700A53ECB /* Buttons.swift in Sources */,
				41B60FAF2BACB35C00535749 /* IntroView.swift in Sources */,
				4174E29D2B933BD100A53ECB /* Extracts.swift in Sources */,
				419B5B262B87EBFE00E59078 /* Frames.swift in Sources */,
				4183C7A42BAA410C0002F8C2 /* ObservableObjects.swift in Sources */,
				4174E2AD2B9B7A9600A53ECB /* Navigations.swift in Sources */,
				41F1ACAA2BA23C9D00C58CAE /* TimeApp.swift in Sources */,
				41B60FC12BB0793100535749 /* FocusStates.swift in Sources */,
				412430E72B855FC100D5FE9B /* BootcampApp.swift in Sources */,
				414BF1312B8956CE00F3473C /* HVZStacks.swift in Sources */,
				41B60FB52BAF4F4900535749 /* AsyncImages.swift in Sources */,
				419459AE2B9C9A300040F316 /* Alerts.swift in Sources */,
				4174E2922B8E8A2300A53ECB /* ScrollViews.swift in Sources */,
				41F791072B9F9DAF0074E648 /* ColorPickers.swift in Sources */,
				41F1ACB22BA4E1B400C58CAE /* Models.swift in Sources */,
				4174E2952B8FE25900A53ECB /* Grids.swift in Sources */,
				4174E2A52B97D4EA00A53ECB /* TernaryOperators.swift in Sources */,
				41E042A02B9E3BB600BCC768 /* TextEditors.swift in Sources */,
				4137AB832B867C9C003B8324 /* Shapes.swift in Sources */,
				4174E2AB2B99E0A900A53ECB /* Transitions.swift in Sources */,
				41B2C8952B8BBD93006DF12F /* Paddings.swift in Sources */,
				41B60FBD2BB03EC900535749 /* Badges.swift in Sources */,
				41B60FB12BACBADC00535749 /* OnboardingView.swift in Sources */,
				41E042A62B9F891400BCC768 /* Pickers.swift in Sources */,
				41F1ACA22BA0D1D600C58CAE /* DatePickers.swift in Sources */,
				41B60FBB2BAF96FB00535749 /* ListSwipeActions.swift in Sources */,
				41B60FB32BAF384D00535749 /* ProfileView.swift in Sources */,
				419B5B282B89212E00E59078 /* Backgrounds&Overlays.swift in Sources */,
				4183C7A62BAB67E80002F8C2 /* EnvironmentObjects.swift in Sources */,
				41B60FB92BAF91DB00535749 /* ButtonModifiers.swift in Sources */,
				419523E72BB1B49E00B08BCA /* ResizableSheets.swift in Sources */,
				419523E32BB09EA900B08BCA /* NavigationStacks.swift in Sources */,
				419459B22B9CD62C0040F316 /* ConfirmationDialogs.swift in Sources */,
				41E042A42B9E415300BCC768 /* Toggles.swift in Sources */,
				4174E2902B8E7A3F00A53ECB /* ForEachs.swift in Sources */,
				4174E2A72B97D9F000A53ECB /* Animations.swift in Sources */,
				4174E2972B90D8CF00A53ECB /* IgnoresSafeAreas.swift in Sources */,
			);
			runOnlyForDeploymentPostprocessing = 0;
		};
/* End PBXSourcesBuildPhase section */

/* Begin XCBuildConfiguration section */
		412430EF2B855FC200D5FE9B /* Debug */ = {
			isa = XCBuildConfiguration;
			buildSettings = {
				ALWAYS_SEARCH_USER_PATHS = NO;
				ASSETCATALOG_COMPILER_GENERATE_SWIFT_ASSET_SYMBOL_EXTENSIONS = YES;
				CLANG_ANALYZER_NONNULL = YES;
				CLANG_ANALYZER_NUMBER_OBJECT_CONVERSION = YES_AGGRESSIVE;
				CLANG_CXX_LANGUAGE_STANDARD = "gnu++20";
				CLANG_ENABLE_MODULES = YES;
				CLANG_ENABLE_OBJC_ARC = YES;
				CLANG_ENABLE_OBJC_WEAK = YES;
				CLANG_WARN_BLOCK_CAPTURE_AUTORELEASING = YES;
				CLANG_WARN_BOOL_CONVERSION = YES;
				CLANG_WARN_COMMA = YES;
				CLANG_WARN_CONSTANT_CONVERSION = YES;
				CLANG_WARN_DEPRECATED_OBJC_IMPLEMENTATIONS = YES;
				CLANG_WARN_DIRECT_OBJC_ISA_USAGE = YES_ERROR;
				CLANG_WARN_DOCUMENTATION_COMMENTS = YES;
				CLANG_WARN_EMPTY_BODY = YES;
				CLANG_WARN_ENUM_CONVERSION = YES;
				CLANG_WARN_INFINITE_RECURSION = YES;
				CLANG_WARN_INT_CONVERSION = YES;
				CLANG_WARN_NON_LITERAL_NULL_CONVERSION = YES;
				CLANG_WARN_OBJC_IMPLICIT_RETAIN_SELF = YES;
				CLANG_WARN_OBJC_LITERAL_CONVERSION = YES;
				CLANG_WARN_OBJC_ROOT_CLASS = YES_ERROR;
				CLANG_WARN_QUOTED_INCLUDE_IN_FRAMEWORK_HEADER = YES;
				CLANG_WARN_RANGE_LOOP_ANALYSIS = YES;
				CLANG_WARN_STRICT_PROTOTYPES = YES;
				CLANG_WARN_SUSPICIOUS_MOVE = YES;
				CLANG_WARN_UNGUARDED_AVAILABILITY = YES_AGGRESSIVE;
				CLANG_WARN_UNREACHABLE_CODE = YES;
				CLANG_WARN__DUPLICATE_METHOD_MATCH = YES;
				COPY_PHASE_STRIP = NO;
				DEBUG_INFORMATION_FORMAT = dwarf;
				ENABLE_STRICT_OBJC_MSGSEND = YES;
				ENABLE_TESTABILITY = YES;
				ENABLE_USER_SCRIPT_SANDBOXING = YES;
				GCC_C_LANGUAGE_STANDARD = gnu17;
				GCC_DYNAMIC_NO_PIC = NO;
				GCC_NO_COMMON_BLOCKS = YES;
				GCC_OPTIMIZATION_LEVEL = 0;
				GCC_PREPROCESSOR_DEFINITIONS = (
					"DEBUG=1",
					"$(inherited)",
				);
				GCC_WARN_64_TO_32_BIT_CONVERSION = YES;
				GCC_WARN_ABOUT_RETURN_TYPE = YES_ERROR;
				GCC_WARN_UNDECLARED_SELECTOR = YES;
				GCC_WARN_UNINITIALIZED_AUTOS = YES_AGGRESSIVE;
				GCC_WARN_UNUSED_FUNCTION = YES;
				GCC_WARN_UNUSED_VARIABLE = YES;
				IPHONEOS_DEPLOYMENT_TARGET = 17.2;
				LOCALIZATION_PREFERS_STRING_CATALOGS = YES;
				MTL_ENABLE_DEBUG_INFO = INCLUDE_SOURCE;
				MTL_FAST_MATH = YES;
				ONLY_ACTIVE_ARCH = YES;
				SDKROOT = iphoneos;
				SWIFT_ACTIVE_COMPILATION_CONDITIONS = "DEBUG $(inherited)";
				SWIFT_OPTIMIZATION_LEVEL = "-Onone";
			};
			name = Debug;
		};
		412430F02B855FC200D5FE9B /* Release */ = {
			isa = XCBuildConfiguration;
			buildSettings = {
				ALWAYS_SEARCH_USER_PATHS = NO;
				ASSETCATALOG_COMPILER_GENERATE_SWIFT_ASSET_SYMBOL_EXTENSIONS = YES;
				CLANG_ANALYZER_NONNULL = YES;
				CLANG_ANALYZER_NUMBER_OBJECT_CONVERSION = YES_AGGRESSIVE;
				CLANG_CXX_LANGUAGE_STANDARD = "gnu++20";
				CLANG_ENABLE_MODULES = YES;
				CLANG_ENABLE_OBJC_ARC = YES;
				CLANG_ENABLE_OBJC_WEAK = YES;
				CLANG_WARN_BLOCK_CAPTURE_AUTORELEASING = YES;
				CLANG_WARN_BOOL_CONVERSION = YES;
				CLANG_WARN_COMMA = YES;
				CLANG_WARN_CONSTANT_CONVERSION = YES;
				CLANG_WARN_DEPRECATED_OBJC_IMPLEMENTATIONS = YES;
				CLANG_WARN_DIRECT_OBJC_ISA_USAGE = YES_ERROR;
				CLANG_WARN_DOCUMENTATION_COMMENTS = YES;
				CLANG_WARN_EMPTY_BODY = YES;
				CLANG_WARN_ENUM_CONVERSION = YES;
				CLANG_WARN_INFINITE_RECURSION = YES;
				CLANG_WARN_INT_CONVERSION = YES;
				CLANG_WARN_NON_LITERAL_NULL_CONVERSION = YES;
				CLANG_WARN_OBJC_IMPLICIT_RETAIN_SELF = YES;
				CLANG_WARN_OBJC_LITERAL_CONVERSION = YES;
				CLANG_WARN_OBJC_ROOT_CLASS = YES_ERROR;
				CLANG_WARN_QUOTED_INCLUDE_IN_FRAMEWORK_HEADER = YES;
				CLANG_WARN_RANGE_LOOP_ANALYSIS = YES;
				CLANG_WARN_STRICT_PROTOTYPES = YES;
				CLANG_WARN_SUSPICIOUS_MOVE = YES;
				CLANG_WARN_UNGUARDED_AVAILABILITY = YES_AGGRESSIVE;
				CLANG_WARN_UNREACHABLE_CODE = YES;
				CLANG_WARN__DUPLICATE_METHOD_MATCH = YES;
				COPY_PHASE_STRIP = NO;
				DEBUG_INFORMATION_FORMAT = "dwarf-with-dsym";
				ENABLE_NS_ASSERTIONS = NO;
				ENABLE_STRICT_OBJC_MSGSEND = YES;
				ENABLE_USER_SCRIPT_SANDBOXING = YES;
				GCC_C_LANGUAGE_STANDARD = gnu17;
				GCC_NO_COMMON_BLOCKS = YES;
				GCC_WARN_64_TO_32_BIT_CONVERSION = YES;
				GCC_WARN_ABOUT_RETURN_TYPE = YES_ERROR;
				GCC_WARN_UNDECLARED_SELECTOR = YES;
				GCC_WARN_UNINITIALIZED_AUTOS = YES_AGGRESSIVE;
				GCC_WARN_UNUSED_FUNCTION = YES;
				GCC_WARN_UNUSED_VARIABLE = YES;
				IPHONEOS_DEPLOYMENT_TARGET = 17.2;
				LOCALIZATION_PREFERS_STRING_CATALOGS = YES;
				MTL_ENABLE_DEBUG_INFO = NO;
				MTL_FAST_MATH = YES;
				SDKROOT = iphoneos;
				SWIFT_COMPILATION_MODE = wholemodule;
				VALIDATE_PRODUCT = YES;
			};
			name = Release;
		};
		412430F22B855FC200D5FE9B /* Debug */ = {
			isa = XCBuildConfiguration;
			buildSettings = {
				ASSETCATALOG_COMPILER_APPICON_NAME = AppIcon;
				ASSETCATALOG_COMPILER_GLOBAL_ACCENT_COLOR_NAME = AccentColor;
				CODE_SIGN_STYLE = Automatic;
				CURRENT_PROJECT_VERSION = 1;
				DEVELOPMENT_ASSET_PATHS = "\"Bootcamp/Preview Content\"";
				DEVELOPMENT_TEAM = Z458PWZBW7;
				ENABLE_PREVIEWS = YES;
				GENERATE_INFOPLIST_FILE = YES;
				INFOPLIST_KEY_UIApplicationSceneManifest_Generation = YES;
				INFOPLIST_KEY_UIApplicationSupportsIndirectInputEvents = YES;
				INFOPLIST_KEY_UILaunchScreen_Generation = YES;
				INFOPLIST_KEY_UISupportedInterfaceOrientations_iPad = "UIInterfaceOrientationPortrait UIInterfaceOrientationPortraitUpsideDown UIInterfaceOrientationLandscapeLeft UIInterfaceOrientationLandscapeRight";
				INFOPLIST_KEY_UISupportedInterfaceOrientations_iPhone = "UIInterfaceOrientationPortrait UIInterfaceOrientationLandscapeLeft UIInterfaceOrientationLandscapeRight";
				LD_RUNPATH_SEARCH_PATHS = (
					"$(inherited)",
					"@executable_path/Frameworks",
				);
				MARKETING_VERSION = 1.0;
				PRODUCT_BUNDLE_IDENTIFIER = marti.Bootcamp;
				PRODUCT_NAME = "$(TARGET_NAME)";
				SWIFT_EMIT_LOC_STRINGS = YES;
				SWIFT_VERSION = 5.0;
				TARGETED_DEVICE_FAMILY = "1,2";
			};
			name = Debug;
		};
		412430F32B855FC200D5FE9B /* Release */ = {
			isa = XCBuildConfiguration;
			buildSettings = {
				ASSETCATALOG_COMPILER_APPICON_NAME = AppIcon;
				ASSETCATALOG_COMPILER_GLOBAL_ACCENT_COLOR_NAME = AccentColor;
				CODE_SIGN_STYLE = Automatic;
				CURRENT_PROJECT_VERSION = 1;
				DEVELOPMENT_ASSET_PATHS = "\"Bootcamp/Preview Content\"";
				DEVELOPMENT_TEAM = Z458PWZBW7;
				ENABLE_PREVIEWS = YES;
				GENERATE_INFOPLIST_FILE = YES;
				INFOPLIST_KEY_UIApplicationSceneManifest_Generation = YES;
				INFOPLIST_KEY_UIApplicationSupportsIndirectInputEvents = YES;
				INFOPLIST_KEY_UILaunchScreen_Generation = YES;
				INFOPLIST_KEY_UISupportedInterfaceOrientations_iPad = "UIInterfaceOrientationPortrait UIInterfaceOrientationPortraitUpsideDown UIInterfaceOrientationLandscapeLeft UIInterfaceOrientationLandscapeRight";
				INFOPLIST_KEY_UISupportedInterfaceOrientations_iPhone = "UIInterfaceOrientationPortrait UIInterfaceOrientationLandscapeLeft UIInterfaceOrientationLandscapeRight";
				LD_RUNPATH_SEARCH_PATHS = (
					"$(inherited)",
					"@executable_path/Frameworks",
				);
				MARKETING_VERSION = 1.0;
				PRODUCT_BUNDLE_IDENTIFIER = marti.Bootcamp;
				PRODUCT_NAME = "$(TARGET_NAME)";
				SWIFT_EMIT_LOC_STRINGS = YES;
				SWIFT_VERSION = 5.0;
				TARGETED_DEVICE_FAMILY = "1,2";
			};
			name = Release;
		};
/* End XCBuildConfiguration section */

/* Begin XCConfigurationList section */
		412430DE2B855FC100D5FE9B /* Build configuration list for PBXProject "Bootcamp" */ = {
			isa = XCConfigurationList;
			buildConfigurations = (
				412430EF2B855FC200D5FE9B /* Debug */,
				412430F02B855FC200D5FE9B /* Release */,
			);
			defaultConfigurationIsVisible = 0;
			defaultConfigurationName = Release;
		};
		412430F12B855FC200D5FE9B /* Build configuration list for PBXNativeTarget "Bootcamp" */ = {
			isa = XCConfigurationList;
			buildConfigurations = (
				412430F22B855FC200D5FE9B /* Debug */,
				412430F32B855FC200D5FE9B /* Release */,
			);
			defaultConfigurationIsVisible = 0;
			defaultConfigurationName = Release;
		};
/* End XCConfigurationList section */
	};
	rootObject = 412430DB2B855FC100D5FE9B /* Project object */;
}
